
Microsoft Visual Studio Solution File, Format Version 12.00
# Visual Studio Version 17
VisualStudioVersion = 17.4.33213.308
MinimumVisualStudioVersion = 10.0.40219.1
Project("{FAE04EC0-301F-11D3-BF4B-00C04F79EFBC}") = "TestMod", "TestMod.csproj", "{A1F88FCB-8A75-4BFE-B663-D5DA13275A6E}"
EndProject
Global
	GlobalSection(SolutionConfigurationPlatforms) = preSolution
		Debug|Any CPU = Debug|Any CPU
		Release|Any CPU = Release|Any CPU
	EndGlobalSection
	GlobalSection(ProjectConfigurationPlatforms) = postSolution
		{A1F88FCB-8A75-4BFE-B663-D5DA13275A6E}.Debug|Any CPU.ActiveCfg = Debug|Any CPU
		{A1F88FCB-8A75-4BFE-B663-D5DA13275A6E}.Debug|Any CPU.Build.0 = Debug|Any CPU
		{A1F88FCB-8A75-4BFE-B663-D5DA13275A6E}.Release|Any CPU.ActiveCfg = Release|Any CPU
		{A1F88FCB-8A75-4BFE-B663-D5DA13275A6E}.Release|Any CPU.Build.0 = Release|Any CPU
	EndGlobalSection
	GlobalSection(SolutionProperties) = preSolution
		HideSolutionNode = FALSE
	EndGlobalSection
	GlobalSection(ExtensibilityGlobals) = postSolution
		SolutionGuid = {6B169AD5-3D84-42BB-B0E8-0D61E86669F8}
	EndGlobalSection
EndGlobal
